
Microsoft Visual Studio Solution File, Format Version 12.00
# Visual Studio Version 17
VisualStudioVersion = 17.0.32112.339
MinimumVisualStudioVersion = 10.0.40219.1
Project("{FAE04EC0-301F-11D3-BF4B-00C04F79EFBC}") = "Satz_des_Pythagoras", "Satz_des_Pythagoras\Satz_des_Pythagoras.csproj", "{90E919E3-4A04-4380-B6D7-CC6D32689D65}"
EndProject
Global
	GlobalSection(SolutionConfigurationPlatforms) = preSolution
		Debug|Any CPU = Debug|Any CPU
		Release|Any CPU = Release|Any CPU
	EndGlobalSection
	GlobalSection(ProjectConfigurationPlatforms) = postSolution
		{90E919E3-4A04-4380-B6D7-CC6D32689D65}.Debug|Any CPU.ActiveCfg = Debug|Any CPU
		{90E919E3-4A04-4380-B6D7-CC6D32689D65}.Debug|Any CPU.Build.0 = Debug|Any CPU
		{90E919E3-4A04-4380-B6D7-CC6D32689D65}.Release|Any CPU.ActiveCfg = Release|Any CPU
		{90E919E3-4A04-4380-B6D7-CC6D32689D65}.Release|Any CPU.Build.0 = Release|Any CPU
	EndGlobalSection
	GlobalSection(SolutionProperties) = preSolution
		HideSolutionNode = FALSE
	EndGlobalSection
	GlobalSection(ExtensibilityGlobals) = postSolution
		SolutionGuid = {D5508D94-41E9-41DB-972D-F72FE586C074}
	EndGlobalSection
EndGlobal
